// !$*UTF8*$!
{
	archiveVersion = 1;
	classes = {
	};
	objectVersion = 46;
	objects = {

/* Begin PBXBuildFile section */
		8C9DCB511A88D6640020147A /* ChatRecordViewController.m in Sources */ = {isa = PBXBuildFile; fileRef = 8C9DCB4F1A88D6640020147A /* ChatRecordViewController.m */; };
		8C9DCB521A88D6640020147A /* ChatRecordViewController.xib in Resources */ = {isa = PBXBuildFile; fileRef = 8C9DCB501A88D6640020147A /* ChatRecordViewController.xib */; };
		8C9DCB561A88D6DF0020147A /* ChatRecordTableViewCell.m in Sources */ = {isa = PBXBuildFile; fileRef = 8C9DCB541A88D6DF0020147A /* ChatRecordTableViewCell.m */; };
		8C9DCB571A88D6DF0020147A /* ChatRecordTableViewCell.xib in Resources */ = {isa = PBXBuildFile; fileRef = 8C9DCB551A88D6DF0020147A /* ChatRecordTableViewCell.xib */; };
		8C9DCB621A88DD360020147A /* FeedbackItem.m in Sources */ = {isa = PBXBuildFile; fileRef = 8C9DCB5B1A88DD360020147A /* FeedbackItem.m */; };
		8C9DCB631A88DD360020147A /* FeedbackTableViewCell.m in Sources */ = {isa = PBXBuildFile; fileRef = 8C9DCB5D1A88DD360020147A /* FeedbackTableViewCell.m */; };
		8C9DCB641A88DD360020147A /* FeedbackTableViewCell.xib in Resources */ = {isa = PBXBuildFile; fileRef = 8C9DCB5E1A88DD360020147A /* FeedbackTableViewCell.xib */; };
		8C9DCB651A88DD360020147A /* FeedbackViewController.m in Sources */ = {isa = PBXBuildFile; fileRef = 8C9DCB601A88DD360020147A /* FeedbackViewController.m */; };
		8C9DCB661A88DD360020147A /* FeedbackViewController.xib in Resources */ = {isa = PBXBuildFile; fileRef = 8C9DCB611A88DD360020147A /* FeedbackViewController.xib */; };
		8C9DCB6B1A88E30A0020147A /* SettingViewController.m in Sources */ = {isa = PBXBuildFile; fileRef = 8C9DCB691A88E30A0020147A /* SettingViewController.m */; };
		8C9DCB6C1A88E30A0020147A /* SettingViewController.xib in Resources */ = {isa = PBXBuildFile; fileRef = 8C9DCB6A1A88E30A0020147A /* SettingViewController.xib */; };
		8C9DCB741A88E6DB0020147A /* SquareViewController.m in Sources */ = {isa = PBXBuildFile; fileRef = 8C9DCB721A88E6DB0020147A /* SquareViewController.m */; };
		8C9DCB751A88E6DB0020147A /* SquareViewController.xib in Resources */ = {isa = PBXBuildFile; fileRef = 8C9DCB731A88E6DB0020147A /* SquareViewController.xib */; };
		8C9DCB791A88E77D0020147A /* SquareTableViewCell.m in Sources */ = {isa = PBXBuildFile; fileRef = 8C9DCB771A88E77D0020147A /* SquareTableViewCell.m */; };
		8C9DCB7A1A88E77D0020147A /* SquareTableViewCell.xib in Resources */ = {isa = PBXBuildFile; fileRef = 8C9DCB781A88E77D0020147A /* SquareTableViewCell.xib */; };
		8C9DCB801A8DA2E50020147A /* EGORefreshTableFooterView.m in Sources */ = {isa = PBXBuildFile; fileRef = 8C9DCB7D1A8DA2E50020147A /* EGORefreshTableFooterView.m */; };
		8C9DCB811A8DA2E50020147A /* EGORefreshTableHeaderView.m in Sources */ = {isa = PBXBuildFile; fileRef = 8C9DCB7F1A8DA2E50020147A /* EGORefreshTableHeaderView.m */; };
		8C9DCB841A8DA6110020147A /* SpinningImageView.m in Sources */ = {isa = PBXBuildFile; fileRef = 8C9DCB831A8DA6110020147A /* SpinningImageView.m */; };
		8C9DCB871A8DA66D0020147A /* UIColor+X.m in Sources */ = {isa = PBXBuildFile; fileRef = 8C9DCB861A8DA66D0020147A /* UIColor+X.m */; };
		8C9DCB8A1A8DA6D80020147A /* NSNumber+X.m in Sources */ = {isa = PBXBuildFile; fileRef = 8C9DCB891A8DA6D80020147A /* NSNumber+X.m */; };
		8CCAF4101A595D28006A8CB7 /* RootViewController.m in Sources */ = {isa = PBXBuildFile; fileRef = 8CCAF40E1A595D28006A8CB7 /* RootViewController.m */; };
		8CCAF4111A595D28006A8CB7 /* RootViewController.xib in Resources */ = {isa = PBXBuildFile; fileRef = 8CCAF40F1A595D28006A8CB7 /* RootViewController.xib */; };
		8CCAF41E1A5967EF006A8CB7 /* SwitchTabBar.m in Sources */ = {isa = PBXBuildFile; fileRef = 8CCAF41B1A5967EF006A8CB7 /* SwitchTabBar.m */; };
		8CCAF41F1A5967EF006A8CB7 /* SwitchTabBarController.m in Sources */ = {isa = PBXBuildFile; fileRef = 8CCAF41D1A5967EF006A8CB7 /* SwitchTabBarController.m */; };
		8CCAF42D1A5A37E9006A8CB7 /* ContactTableViewCell.m in Sources */ = {isa = PBXBuildFile; fileRef = 8CCAF42B1A5A37E9006A8CB7 /* ContactTableViewCell.m */; };
		8CCAF42E1A5A37E9006A8CB7 /* ContactTableViewCell.xib in Resources */ = {isa = PBXBuildFile; fileRef = 8CCAF42C1A5A37E9006A8CB7 /* ContactTableViewCell.xib */; };
		8CCAF4321A5A39B0006A8CB7 /* ContactViewController.m in Sources */ = {isa = PBXBuildFile; fileRef = 8CCAF4301A5A39B0006A8CB7 /* ContactViewController.m */; };
		8CCAF4331A5A39B0006A8CB7 /* ContactViewController.xib in Resources */ = {isa = PBXBuildFile; fileRef = 8CCAF4311A5A39B0006A8CB7 /* ContactViewController.xib */; };
		8CCAF4391A5A4BC2006A8CB7 /* UIView+X.m in Sources */ = {isa = PBXBuildFile; fileRef = 8CCAF4381A5A4BC2006A8CB7 /* UIView+X.m */; };
		8CCAF4461A5AB498006A8CB7 /* UserInfoViewController.m in Sources */ = {isa = PBXBuildFile; fileRef = 8CCAF4441A5AB498006A8CB7 /* UserInfoViewController.m */; };
		8CCAF4471A5AB498006A8CB7 /* UserInfoViewController.xib in Resources */ = {isa = PBXBuildFile; fileRef = 8CCAF4451A5AB498006A8CB7 /* UserInfoViewController.xib */; };
		8CCAF44A1A5AB738006A8CB7 /* UIBarButtonItem+X.m in Sources */ = {isa = PBXBuildFile; fileRef = 8CCAF4491A5AB738006A8CB7 /* UIBarButtonItem+X.m */; };
		8CCBF9321A48394500267494 /* main.m in Sources */ = {isa = PBXBuildFile; fileRef = 8CCBF9311A48394500267494 /* main.m */; };
		8CCBF9351A48394500267494 /* AppDelegate.m in Sources */ = {isa = PBXBuildFile; fileRef = 8CCBF9341A48394500267494 /* AppDelegate.m */; };
		8CCBF93D1A48394500267494 /* Images.xcassets in Resources */ = {isa = PBXBuildFile; fileRef = 8CCBF93C1A48394500267494 /* Images.xcassets */; };
		8CCBF94C1A48394500267494 /* AlumniTests.m in Sources */ = {isa = PBXBuildFile; fileRef = 8CCBF94B1A48394500267494 /* AlumniTests.m */; };
/* End PBXBuildFile section */

/* Begin PBXContainerItemProxy section */
		8CCBF9461A48394500267494 /* PBXContainerItemProxy */ = {
			isa = PBXContainerItemProxy;
			containerPortal = 8CCBF9241A48394500267494 /* Project object */;
			proxyType = 1;
			remoteGlobalIDString = 8CCBF92B1A48394500267494;
			remoteInfo = Alumni;
		};
/* End PBXContainerItemProxy section */

/* Begin PBXFileReference section */
		8C9DCB4E1A88D6640020147A /* ChatRecordViewController.h */ = {isa = PBXFileReference; fileEncoding = 4; lastKnownFileType = sourcecode.c.h; path = ChatRecordViewController.h; sourceTree = "<group>"; };
		8C9DCB4F1A88D6640020147A /* ChatRecordViewController.m */ = {isa = PBXFileReference; fileEncoding = 4; lastKnownFileType = sourcecode.c.objc; path = ChatRecordViewController.m; sourceTree = "<group>"; };
		8C9DCB501A88D6640020147A /* ChatRecordViewController.xib */ = {isa = PBXFileReference; fileEncoding = 4; lastKnownFileType = file.xib; path = ChatRecordViewController.xib; sourceTree = "<group>"; };
		8C9DCB531A88D6DF0020147A /* ChatRecordTableViewCell.h */ = {isa = PBXFileReference; fileEncoding = 4; lastKnownFileType = sourcecode.c.h; path = ChatRecordTableViewCell.h; sourceTree = "<group>"; };
		8C9DCB541A88D6DF0020147A /* ChatRecordTableViewCell.m */ = {isa = PBXFileReference; fileEncoding = 4; lastKnownFileType = sourcecode.c.objc; path = ChatRecordTableViewCell.m; sourceTree = "<group>"; };
		8C9DCB551A88D6DF0020147A /* ChatRecordTableViewCell.xib */ = {isa = PBXFileReference; fileEncoding = 4; lastKnownFileType = file.xib; path = ChatRecordTableViewCell.xib; sourceTree = "<group>"; };
		8C9DCB5A1A88DD360020147A /* FeedbackItem.h */ = {isa = PBXFileReference; fileEncoding = 4; lastKnownFileType = sourcecode.c.h; path = FeedbackItem.h; sourceTree = "<group>"; };
		8C9DCB5B1A88DD360020147A /* FeedbackItem.m */ = {isa = PBXFileReference; fileEncoding = 4; lastKnownFileType = sourcecode.c.objc; path = FeedbackItem.m; sourceTree = "<group>"; };
		8C9DCB5C1A88DD360020147A /* FeedbackTableViewCell.h */ = {isa = PBXFileReference; fileEncoding = 4; lastKnownFileType = sourcecode.c.h; path = FeedbackTableViewCell.h; sourceTree = "<group>"; };
		8C9DCB5D1A88DD360020147A /* FeedbackTableViewCell.m */ = {isa = PBXFileReference; fileEncoding = 4; lastKnownFileType = sourcecode.c.objc; path = FeedbackTableViewCell.m; sourceTree = "<group>"; };
		8C9DCB5E1A88DD360020147A /* FeedbackTableViewCell.xib */ = {isa = PBXFileReference; fileEncoding = 4; lastKnownFileType = file.xib; path = FeedbackTableViewCell.xib; sourceTree = "<group>"; };
		8C9DCB5F1A88DD360020147A /* FeedbackViewController.h */ = {isa = PBXFileReference; fileEncoding = 4; lastKnownFileType = sourcecode.c.h; path = FeedbackViewController.h; sourceTree = "<group>"; };
		8C9DCB601A88DD360020147A /* FeedbackViewController.m */ = {isa = PBXFileReference; fileEncoding = 4; lastKnownFileType = sourcecode.c.objc; path = FeedbackViewController.m; sourceTree = "<group>"; };
		8C9DCB611A88DD360020147A /* FeedbackViewController.xib */ = {isa = PBXFileReference; fileEncoding = 4; lastKnownFileType = file.xib; path = FeedbackViewController.xib; sourceTree = "<group>"; };
		8C9DCB681A88E30A0020147A /* SettingViewController.h */ = {isa = PBXFileReference; fileEncoding = 4; lastKnownFileType = sourcecode.c.h; path = SettingViewController.h; sourceTree = "<group>"; };
		8C9DCB691A88E30A0020147A /* SettingViewController.m */ = {isa = PBXFileReference; fileEncoding = 4; lastKnownFileType = sourcecode.c.objc; path = SettingViewController.m; sourceTree = "<group>"; };
		8C9DCB6A1A88E30A0020147A /* SettingViewController.xib */ = {isa = PBXFileReference; fileEncoding = 4; lastKnownFileType = file.xib; path = SettingViewController.xib; sourceTree = "<group>"; };
		8C9DCB711A88E6DB0020147A /* SquareViewController.h */ = {isa = PBXFileReference; fileEncoding = 4; lastKnownFileType = sourcecode.c.h; path = SquareViewController.h; sourceTree = "<group>"; };
		8C9DCB721A88E6DB0020147A /* SquareViewController.m */ = {isa = PBXFileReference; fileEncoding = 4; lastKnownFileType = sourcecode.c.objc; path = SquareViewController.m; sourceTree = "<group>"; };
		8C9DCB731A88E6DB0020147A /* SquareViewController.xib */ = {isa = PBXFileReference; fileEncoding = 4; lastKnownFileType = file.xib; path = SquareViewController.xib; sourceTree = "<group>"; };
		8C9DCB761A88E77D0020147A /* SquareTableViewCell.h */ = {isa = PBXFileReference; fileEncoding = 4; lastKnownFileType = sourcecode.c.h; path = SquareTableViewCell.h; sourceTree = "<group>"; };
		8C9DCB771A88E77D0020147A /* SquareTableViewCell.m */ = {isa = PBXFileReference; fileEncoding = 4; lastKnownFileType = sourcecode.c.objc; path = SquareTableViewCell.m; sourceTree = "<group>"; };
		8C9DCB781A88E77D0020147A /* SquareTableViewCell.xib */ = {isa = PBXFileReference; fileEncoding = 4; lastKnownFileType = file.xib; path = SquareTableViewCell.xib; sourceTree = "<group>"; };
		8C9DCB7C1A8DA2E50020147A /* EGORefreshTableFooterView.h */ = {isa = PBXFileReference; fileEncoding = 4; lastKnownFileType = sourcecode.c.h; path = EGORefreshTableFooterView.h; sourceTree = "<group>"; };
		8C9DCB7D1A8DA2E50020147A /* EGORefreshTableFooterView.m */ = {isa = PBXFileReference; fileEncoding = 4; lastKnownFileType = sourcecode.c.objc; path = EGORefreshTableFooterView.m; sourceTree = "<group>"; };
		8C9DCB7E1A8DA2E50020147A /* EGORefreshTableHeaderView.h */ = {isa = PBXFileReference; fileEncoding = 4; lastKnownFileType = sourcecode.c.h; path = EGORefreshTableHeaderView.h; sourceTree = "<group>"; };
		8C9DCB7F1A8DA2E50020147A /* EGORefreshTableHeaderView.m */ = {isa = PBXFileReference; fileEncoding = 4; lastKnownFileType = sourcecode.c.objc; path = EGORefreshTableHeaderView.m; sourceTree = "<group>"; };
		8C9DCB821A8DA6110020147A /* SpinningImageView.h */ = {isa = PBXFileReference; fileEncoding = 4; lastKnownFileType = sourcecode.c.h; path = SpinningImageView.h; sourceTree = "<group>"; };
		8C9DCB831A8DA6110020147A /* SpinningImageView.m */ = {isa = PBXFileReference; fileEncoding = 4; lastKnownFileType = sourcecode.c.objc; path = SpinningImageView.m; sourceTree = "<group>"; };
		8C9DCB851A8DA66D0020147A /* UIColor+X.h */ = {isa = PBXFileReference; fileEncoding = 4; lastKnownFileType = sourcecode.c.h; path = "UIColor+X.h"; sourceTree = "<group>"; };
		8C9DCB861A8DA66D0020147A /* UIColor+X.m */ = {isa = PBXFileReference; fileEncoding = 4; lastKnownFileType = sourcecode.c.objc; path = "UIColor+X.m"; sourceTree = "<group>"; };
		8C9DCB881A8DA6D80020147A /* NSNumber+X.h */ = {isa = PBXFileReference; fileEncoding = 4; lastKnownFileType = sourcecode.c.h; path = "NSNumber+X.h"; sourceTree = "<group>"; };
		8C9DCB891A8DA6D80020147A /* NSNumber+X.m */ = {isa = PBXFileReference; fileEncoding = 4; lastKnownFileType = sourcecode.c.objc; path = "NSNumber+X.m"; sourceTree = "<group>"; };
		8CCAF40D1A595D28006A8CB7 /* RootViewController.h */ = {isa = PBXFileReference; fileEncoding = 4; lastKnownFileType = sourcecode.c.h; path = RootViewController.h; sourceTree = "<group>"; };
		8CCAF40E1A595D28006A8CB7 /* RootViewController.m */ = {isa = PBXFileReference; fileEncoding = 4; lastKnownFileType = sourcecode.c.objc; path = RootViewController.m; sourceTree = "<group>"; };
		8CCAF40F1A595D28006A8CB7 /* RootViewController.xib */ = {isa = PBXFileReference; fileEncoding = 4; lastKnownFileType = file.xib; path = RootViewController.xib; sourceTree = "<group>"; };
		8CCAF41A1A5967EF006A8CB7 /* SwitchTabBar.h */ = {isa = PBXFileReference; fileEncoding = 4; lastKnownFileType = sourcecode.c.h; path = SwitchTabBar.h; sourceTree = "<group>"; };
		8CCAF41B1A5967EF006A8CB7 /* SwitchTabBar.m */ = {isa = PBXFileReference; fileEncoding = 4; lastKnownFileType = sourcecode.c.objc; path = SwitchTabBar.m; sourceTree = "<group>"; };
		8CCAF41C1A5967EF006A8CB7 /* SwitchTabBarController.h */ = {isa = PBXFileReference; fileEncoding = 4; lastKnownFileType = sourcecode.c.h; path = SwitchTabBarController.h; sourceTree = "<group>"; };
		8CCAF41D1A5967EF006A8CB7 /* SwitchTabBarController.m */ = {isa = PBXFileReference; fileEncoding = 4; lastKnownFileType = sourcecode.c.objc; path = SwitchTabBarController.m; sourceTree = "<group>"; };
		8CCAF42A1A5A37E9006A8CB7 /* ContactTableViewCell.h */ = {isa = PBXFileReference; fileEncoding = 4; lastKnownFileType = sourcecode.c.h; path = ContactTableViewCell.h; sourceTree = "<group>"; };
		8CCAF42B1A5A37E9006A8CB7 /* ContactTableViewCell.m */ = {isa = PBXFileReference; fileEncoding = 4; lastKnownFileType = sourcecode.c.objc; path = ContactTableViewCell.m; sourceTree = "<group>"; };
		8CCAF42C1A5A37E9006A8CB7 /* ContactTableViewCell.xib */ = {isa = PBXFileReference; fileEncoding = 4; lastKnownFileType = file.xib; path = ContactTableViewCell.xib; sourceTree = "<group>"; };
		8CCAF42F1A5A39B0006A8CB7 /* ContactViewController.h */ = {isa = PBXFileReference; fileEncoding = 4; lastKnownFileType = sourcecode.c.h; path = ContactViewController.h; sourceTree = "<group>"; };
		8CCAF4301A5A39B0006A8CB7 /* ContactViewController.m */ = {isa = PBXFileReference; fileEncoding = 4; lastKnownFileType = sourcecode.c.objc; path = ContactViewController.m; sourceTree = "<group>"; };
		8CCAF4311A5A39B0006A8CB7 /* ContactViewController.xib */ = {isa = PBXFileReference; fileEncoding = 4; lastKnownFileType = file.xib; path = ContactViewController.xib; sourceTree = "<group>"; };
		8CCAF4371A5A4BC2006A8CB7 /* UIView+X.h */ = {isa = PBXFileReference; fileEncoding = 4; lastKnownFileType = sourcecode.c.h; path = "UIView+X.h"; sourceTree = "<group>"; };
		8CCAF4381A5A4BC2006A8CB7 /* UIView+X.m */ = {isa = PBXFileReference; fileEncoding = 4; lastKnownFileType = sourcecode.c.objc; path = "UIView+X.m"; sourceTree = "<group>"; };
		8CCAF4431A5AB498006A8CB7 /* UserInfoViewController.h */ = {isa = PBXFileReference; fileEncoding = 4; lastKnownFileType = sourcecode.c.h; path = UserInfoViewController.h; sourceTree = "<group>"; };
		8CCAF4441A5AB498006A8CB7 /* UserInfoViewController.m */ = {isa = PBXFileReference; fileEncoding = 4; lastKnownFileType = sourcecode.c.objc; path = UserInfoViewController.m; sourceTree = "<group>"; };
		8CCAF4451A5AB498006A8CB7 /* UserInfoViewController.xib */ = {isa = PBXFileReference; fileEncoding = 4; lastKnownFileType = file.xib; path = UserInfoViewController.xib; sourceTree = "<group>"; };
		8CCAF4481A5AB738006A8CB7 /* UIBarButtonItem+X.h */ = {isa = PBXFileReference; fileEncoding = 4; lastKnownFileType = sourcecode.c.h; path = "UIBarButtonItem+X.h"; sourceTree = "<group>"; };
		8CCAF4491A5AB738006A8CB7 /* UIBarButtonItem+X.m */ = {isa = PBXFileReference; fileEncoding = 4; lastKnownFileType = sourcecode.c.objc; path = "UIBarButtonItem+X.m"; sourceTree = "<group>"; };
		8CCBF92C1A48394500267494 /* Alumni.app */ = {isa = PBXFileReference; explicitFileType = wrapper.application; includeInIndex = 0; path = Alumni.app; sourceTree = BUILT_PRODUCTS_DIR; };
		8CCBF9301A48394500267494 /* Info.plist */ = {isa = PBXFileReference; lastKnownFileType = text.plist.xml; path = Info.plist; sourceTree = "<group>"; };
		8CCBF9311A48394500267494 /* main.m */ = {isa = PBXFileReference; lastKnownFileType = sourcecode.c.objc; path = main.m; sourceTree = "<group>"; };
		8CCBF9331A48394500267494 /* AppDelegate.h */ = {isa = PBXFileReference; lastKnownFileType = sourcecode.c.h; path = AppDelegate.h; sourceTree = "<group>"; };
		8CCBF9341A48394500267494 /* AppDelegate.m */ = {isa = PBXFileReference; lastKnownFileType = sourcecode.c.objc; path = AppDelegate.m; sourceTree = "<group>"; };
		8CCBF93C1A48394500267494 /* Images.xcassets */ = {isa = PBXFileReference; lastKnownFileType = folder.assetcatalog; path = Images.xcassets; sourceTree = "<group>"; };
		8CCBF9451A48394500267494 /* AlumniTests.xctest */ = {isa = PBXFileReference; explicitFileType = wrapper.cfbundle; includeInIndex = 0; path = AlumniTests.xctest; sourceTree = BUILT_PRODUCTS_DIR; };
		8CCBF94A1A48394500267494 /* Info.plist */ = {isa = PBXFileReference; lastKnownFileType = text.plist.xml; path = Info.plist; sourceTree = "<group>"; };
		8CCBF94B1A48394500267494 /* AlumniTests.m */ = {isa = PBXFileReference; lastKnownFileType = sourcecode.c.objc; path = AlumniTests.m; sourceTree = "<group>"; };
/* End PBXFileReference section */

/* Begin PBXFrameworksBuildPhase section */
		8CCBF9291A48394500267494 /* Frameworks */ = {
			isa = PBXFrameworksBuildPhase;
			buildActionMask = 2147483647;
			files = (
			);
			runOnlyForDeploymentPostprocessing = 0;
		};
		8CCBF9421A48394500267494 /* Frameworks */ = {
			isa = PBXFrameworksBuildPhase;
			buildActionMask = 2147483647;
			files = (
			);
			runOnlyForDeploymentPostprocessing = 0;
		};
/* End PBXFrameworksBuildPhase section */

/* Begin PBXGroup section */
		8C9DCB581A88DC870020147A /* ChatRecord */ = {
			isa = PBXGroup;
			children = (
				8C9DCB4F1A88D6640020147A /* ChatRecordViewController.m */,
				8C9DCB501A88D6640020147A /* ChatRecordViewController.xib */,
				8C9DCB531A88D6DF0020147A /* ChatRecordTableViewCell.h */,
				8C9DCB541A88D6DF0020147A /* ChatRecordTableViewCell.m */,
				8C9DCB551A88D6DF0020147A /* ChatRecordTableViewCell.xib */,
				8C9DCB4E1A88D6640020147A /* ChatRecordViewController.h */,
			);
			name = ChatRecord;
			sourceTree = "<group>";
		};
		8C9DCB591A88DCA20020147A /* Chat */ = {
			isa = PBXGroup;
			children = (
				8C9DCB5A1A88DD360020147A /* FeedbackItem.h */,
				8C9DCB5B1A88DD360020147A /* FeedbackItem.m */,
				8C9DCB5C1A88DD360020147A /* FeedbackTableViewCell.h */,
				8C9DCB5D1A88DD360020147A /* FeedbackTableViewCell.m */,
				8C9DCB5E1A88DD360020147A /* FeedbackTableViewCell.xib */,
				8C9DCB5F1A88DD360020147A /* FeedbackViewController.h */,
				8C9DCB601A88DD360020147A /* FeedbackViewController.m */,
				8C9DCB611A88DD360020147A /* FeedbackViewController.xib */,
			);
			name = Chat;
			sourceTree = "<group>";
		};
		8C9DCB671A88E2DC0020147A /* Setting */ = {
			isa = PBXGroup;
			children = (
				8C9DCB681A88E30A0020147A /* SettingViewController.h */,
				8C9DCB691A88E30A0020147A /* SettingViewController.m */,
				8C9DCB6A1A88E30A0020147A /* SettingViewController.xib */,
			);
			name = Setting;
			sourceTree = "<group>";
		};
		8C9DCB6D1A88E6990020147A /* Square */ = {
			isa = PBXGroup;
			children = (
				8C9DCB711A88E6DB0020147A /* SquareViewController.h */,
				8C9DCB721A88E6DB0020147A /* SquareViewController.m */,
				8C9DCB731A88E6DB0020147A /* SquareViewController.xib */,
				8C9DCB761A88E77D0020147A /* SquareTableViewCell.h */,
				8C9DCB771A88E77D0020147A /* SquareTableViewCell.m */,
				8C9DCB781A88E77D0020147A /* SquareTableViewCell.xib */,
			);
			name = Square;
			sourceTree = "<group>";
		};
		8C9DCB7B1A8D9D630020147A /* Common */ = {
			isa = PBXGroup;
			children = (
				8C9DCB821A8DA6110020147A /* SpinningImageView.h */,
				8C9DCB831A8DA6110020147A /* SpinningImageView.m */,
				8C9DCB7C1A8DA2E50020147A /* EGORefreshTableFooterView.h */,
				8C9DCB7D1A8DA2E50020147A /* EGORefreshTableFooterView.m */,
				8C9DCB7E1A8DA2E50020147A /* EGORefreshTableHeaderView.h */,
				8C9DCB7F1A8DA2E50020147A /* EGORefreshTableHeaderView.m */,
			);
			name = Common;
			sourceTree = "<group>";
		};
		8CCAF4121A595D6D006A8CB7 /* AppGobal */ = {
			isa = PBXGroup;
			children = (
				8CCBF9341A48394500267494 /* AppDelegate.m */,
				8CCBF9331A48394500267494 /* AppDelegate.h */,
			);
			name = AppGobal;
			sourceTree = "<group>";
		};
		8CCAF4131A5963CA006A8CB7 /* RootViewController */ = {
			isa = PBXGroup;
			children = (
				8CCAF41A1A5967EF006A8CB7 /* SwitchTabBar.h */,
				8CCAF41B1A5967EF006A8CB7 /* SwitchTabBar.m */,
				8CCAF41C1A5967EF006A8CB7 /* SwitchTabBarController.h */,
				8CCAF41D1A5967EF006A8CB7 /* SwitchTabBarController.m */,
				8CCAF40F1A595D28006A8CB7 /* RootViewController.xib */,
				8CCAF40E1A595D28006A8CB7 /* RootViewController.m */,
				8CCAF40D1A595D28006A8CB7 /* RootViewController.h */,
			);
			name = RootViewController;
			sourceTree = "<group>";
		};
		8CCAF4201A5A33A3006A8CB7 /* Contact */ = {
			isa = PBXGroup;
			children = (
				8CCAF42A1A5A37E9006A8CB7 /* ContactTableViewCell.h */,
				8CCAF42B1A5A37E9006A8CB7 /* ContactTableViewCell.m */,
				8CCAF42C1A5A37E9006A8CB7 /* ContactTableViewCell.xib */,
				8CCAF42F1A5A39B0006A8CB7 /* ContactViewController.h */,
				8CCAF4301A5A39B0006A8CB7 /* ContactViewController.m */,
				8CCAF4311A5A39B0006A8CB7 /* ContactViewController.xib */,
			);
			name = Contact;
			sourceTree = "<group>";
		};
		8CCAF4211A5A33B7006A8CB7 /* Chat */ = {
			isa = PBXGroup;
			children = (
				8C9DCB591A88DCA20020147A /* Chat */,
				8C9DCB581A88DC870020147A /* ChatRecord */,
			);
			name = Chat;
			sourceTree = "<group>";
		};
		8CCAF4231A5A33E6006A8CB7 /* UI */ = {
			isa = PBXGroup;
			children = (
				8C9DCB7B1A8D9D630020147A /* Common */,
				8C9DCB6D1A88E6990020147A /* Square */,
				8C9DCB671A88E2DC0020147A /* Setting */,
				8CCAF4421A5AB46F006A8CB7 /* UserInfo */,
				8CCAF4201A5A33A3006A8CB7 /* Contact */,
				8CCAF4211A5A33B7006A8CB7 /* Chat */,
			);
			name = UI;
			sourceTree = "<group>";
		};
		8CCAF4361A5A4BB3006A8CB7 /* Common */ = {
			isa = PBXGroup;
			children = (
				8C9DCB881A8DA6D80020147A /* NSNumber+X.h */,
				8C9DCB891A8DA6D80020147A /* NSNumber+X.m */,
				8C9DCB851A8DA66D0020147A /* UIColor+X.h */,
				8C9DCB861A8DA66D0020147A /* UIColor+X.m */,
				8CCAF4481A5AB738006A8CB7 /* UIBarButtonItem+X.h */,
				8CCAF4491A5AB738006A8CB7 /* UIBarButtonItem+X.m */,
				8CCAF4371A5A4BC2006A8CB7 /* UIView+X.h */,
				8CCAF4381A5A4BC2006A8CB7 /* UIView+X.m */,
			);
			name = Common;
			sourceTree = "<group>";
		};
		8CCAF4421A5AB46F006A8CB7 /* UserInfo */ = {
			isa = PBXGroup;
			children = (
				8CCAF4431A5AB498006A8CB7 /* UserInfoViewController.h */,
				8CCAF4441A5AB498006A8CB7 /* UserInfoViewController.m */,
				8CCAF4451A5AB498006A8CB7 /* UserInfoViewController.xib */,
			);
			name = UserInfo;
			sourceTree = "<group>";
		};
		8CCBF9231A48394500267494 = {
			isa = PBXGroup;
			children = (
				8CCBF92E1A48394500267494 /* Alumni */,
				8CCBF9481A48394500267494 /* AlumniTests */,
				8CCBF92D1A48394500267494 /* Products */,
			);
			sourceTree = "<group>";
		};
		8CCBF92D1A48394500267494 /* Products */ = {
			isa = PBXGroup;
			children = (
				8CCBF92C1A48394500267494 /* Alumni.app */,
				8CCBF9451A48394500267494 /* AlumniTests.xctest */,
			);
			name = Products;
			sourceTree = "<group>";
		};
		8CCBF92E1A48394500267494 /* Alumni */ = {
			isa = PBXGroup;
			children = (
				8CCAF4361A5A4BB3006A8CB7 /* Common */,
				8CCAF4231A5A33E6006A8CB7 /* UI */,
				8CCAF4131A5963CA006A8CB7 /* RootViewController */,
				8CCAF4121A595D6D006A8CB7 /* AppGobal */,
				8CCBF93C1A48394500267494 /* Images.xcassets */,
				8CCBF92F1A48394500267494 /* Supporting Files */,
			);
			path = Alumni;
			sourceTree = "<group>";
		};
		8CCBF92F1A48394500267494 /* Supporting Files */ = {
			isa = PBXGroup;
			children = (
				8CCBF9301A48394500267494 /* Info.plist */,
				8CCBF9311A48394500267494 /* main.m */,
			);
			name = "Supporting Files";
			sourceTree = "<group>";
		};
		8CCBF9481A48394500267494 /* AlumniTests */ = {
			isa = PBXGroup;
			children = (
				8CCBF94B1A48394500267494 /* AlumniTests.m */,
				8CCBF9491A48394500267494 /* Supporting Files */,
			);
			path = AlumniTests;
			sourceTree = "<group>";
		};
		8CCBF9491A48394500267494 /* Supporting Files */ = {
			isa = PBXGroup;
			children = (
				8CCBF94A1A48394500267494 /* Info.plist */,
			);
			name = "Supporting Files";
			sourceTree = "<group>";
		};
/* End PBXGroup section */

/* Begin PBXNativeTarget section */
		8CCBF92B1A48394500267494 /* Alumni */ = {
			isa = PBXNativeTarget;
			buildConfigurationList = 8CCBF94F1A48394500267494 /* Build configuration list for PBXNativeTarget "Alumni" */;
			buildPhases = (
				8CCBF9281A48394500267494 /* Sources */,
				8CCBF9291A48394500267494 /* Frameworks */,
				8CCBF92A1A48394500267494 /* Resources */,
			);
			buildRules = (
			);
			dependencies = (
			);
			name = Alumni;
			productName = Alumni;
			productReference = 8CCBF92C1A48394500267494 /* Alumni.app */;
			productType = "com.apple.product-type.application";
		};
		8CCBF9441A48394500267494 /* AlumniTests */ = {
			isa = PBXNativeTarget;
			buildConfigurationList = 8CCBF9521A48394500267494 /* Build configuration list for PBXNativeTarget "AlumniTests" */;
			buildPhases = (
				8CCBF9411A48394500267494 /* Sources */,
				8CCBF9421A48394500267494 /* Frameworks */,
				8CCBF9431A48394500267494 /* Resources */,
			);
			buildRules = (
			);
			dependencies = (
				8CCBF9471A48394500267494 /* PBXTargetDependency */,
			);
			name = AlumniTests;
			productName = AlumniTests;
			productReference = 8CCBF9451A48394500267494 /* AlumniTests.xctest */;
			productType = "com.apple.product-type.bundle.unit-test";
		};
/* End PBXNativeTarget section */

/* Begin PBXProject section */
		8CCBF9241A48394500267494 /* Project object */ = {
			isa = PBXProject;
			attributes = {
				LastUpgradeCheck = 0610;
				ORGANIZATIONNAME = thunder;
				TargetAttributes = {
					8CCBF92B1A48394500267494 = {
						CreatedOnToolsVersion = 6.1;
					};
					8CCBF9441A48394500267494 = {
						CreatedOnToolsVersion = 6.1;
						TestTargetID = 8CCBF92B1A48394500267494;
					};
				};
			};
			buildConfigurationList = 8CCBF9271A48394500267494 /* Build configuration list for PBXProject "Alumni" */;
			compatibilityVersion = "Xcode 3.2";
			developmentRegion = English;
			hasScannedForEncodings = 0;
			knownRegions = (
				en,
				Base,
			);
			mainGroup = 8CCBF9231A48394500267494;
			productRefGroup = 8CCBF92D1A48394500267494 /* Products */;
			projectDirPath = "";
			projectRoot = "";
			targets = (
				8CCBF92B1A48394500267494 /* Alumni */,
				8CCBF9441A48394500267494 /* AlumniTests */,
			);
		};
/* End PBXProject section */

/* Begin PBXResourcesBuildPhase section */
		8CCBF92A1A48394500267494 /* Resources */ = {
			isa = PBXResourcesBuildPhase;
			buildActionMask = 2147483647;
			files = (
				8C9DCB7A1A88E77D0020147A /* SquareTableViewCell.xib in Resources */,
				8CCAF42E1A5A37E9006A8CB7 /* ContactTableViewCell.xib in Resources */,
				8C9DCB6C1A88E30A0020147A /* SettingViewController.xib in Resources */,
				8C9DCB661A88DD360020147A /* FeedbackViewController.xib in Resources */,
				8CCAF4331A5A39B0006A8CB7 /* ContactViewController.xib in Resources */,
				8C9DCB641A88DD360020147A /* FeedbackTableViewCell.xib in Resources */,
				8CCAF4471A5AB498006A8CB7 /* UserInfoViewController.xib in Resources */,
				8C9DCB751A88E6DB0020147A /* SquareViewController.xib in Resources */,
				8C9DCB571A88D6DF0020147A /* ChatRecordTableViewCell.xib in Resources */,
				8C9DCB521A88D6640020147A /* ChatRecordViewController.xib in Resources */,
				8CCAF4111A595D28006A8CB7 /* RootViewController.xib in Resources */,
				8CCBF93D1A48394500267494 /* Images.xcassets in Resources */,
			);
			runOnlyForDeploymentPostprocessing = 0;
		};
		8CCBF9431A48394500267494 /* Resources */ = {
			isa = PBXResourcesBuildPhase;
			buildActionMask = 2147483647;
			files = (
			);
			runOnlyForDeploymentPostprocessing = 0;
		};
/* End PBXResourcesBuildPhase section */

/* Begin PBXSourcesBuildPhase section */
		8CCBF9281A48394500267494 /* Sources */ = {
			isa = PBXSourcesBuildPhase;
			buildActionMask = 2147483647;
			files = (
				8C9DCB511A88D6640020147A /* ChatRecordViewController.m in Sources */,
				8CCAF4321A5A39B0006A8CB7 /* ContactViewController.m in Sources */,
				8C9DCB651A88DD360020147A /* FeedbackViewController.m in Sources */,
				8CCAF4391A5A4BC2006A8CB7 /* UIView+X.m in Sources */,
				8C9DCB871A8DA66D0020147A /* UIColor+X.m in Sources */,
				8C9DCB741A88E6DB0020147A /* SquareViewController.m in Sources */,
				8CCBF9351A48394500267494 /* AppDelegate.m in Sources */,
				8C9DCB8A1A8DA6D80020147A /* NSNumber+X.m in Sources */,
				8CCAF44A1A5AB738006A8CB7 /* UIBarButtonItem+X.m in Sources */,
				8CCAF4101A595D28006A8CB7 /* RootViewController.m in Sources */,
				8C9DCB631A88DD360020147A /* FeedbackTableViewCell.m in Sources */,
				8C9DCB561A88D6DF0020147A /* ChatRecordTableViewCell.m in Sources */,
				8C9DCB791A88E77D0020147A /* SquareTableViewCell.m in Sources */,
				8C9DCB801A8DA2E50020147A /* EGORefreshTableFooterView.m in Sources */,
				8C9DCB811A8DA2E50020147A /* EGORefreshTableHeaderView.m in Sources */,
				8C9DCB621A88DD360020147A /* FeedbackItem.m in Sources */,
				8CCAF42D1A5A37E9006A8CB7 /* ContactTableViewCell.m in Sources */,
				8CCBF9321A48394500267494 /* main.m in Sources */,
				8CCAF41F1A5967EF006A8CB7 /* SwitchTabBarController.m in Sources */,
				8CCAF41E1A5967EF006A8CB7 /* SwitchTabBar.m in Sources */,
				8C9DCB841A8DA6110020147A /* SpinningImageView.m in Sources */,
				8CCAF4461A5AB498006A8CB7 /* UserInfoViewController.m in Sources */,
				8C9DCB6B1A88E30A0020147A /* SettingViewController.m in Sources */,
			);
			runOnlyForDeploymentPostprocessing = 0;
		};
		8CCBF9411A48394500267494 /* Sources */ = {
			isa = PBXSourcesBuildPhase;
			buildActionMask = 2147483647;
			files = (
				8CCBF94C1A48394500267494 /* AlumniTests.m in Sources */,
			);
			runOnlyForDeploymentPostprocessing = 0;
		};
/* End PBXSourcesBuildPhase section */

/* Begin PBXTargetDependency section */
		8CCBF9471A48394500267494 /* PBXTargetDependency */ = {
			isa = PBXTargetDependency;
			target = 8CCBF92B1A48394500267494 /* Alumni */;
			targetProxy = 8CCBF9461A48394500267494 /* PBXContainerItemProxy */;
		};
/* End PBXTargetDependency section */

/* Begin XCBuildConfiguration section */
		8CCBF94D1A48394500267494 /* Debug */ = {
			isa = XCBuildConfiguration;
			buildSettings = {
				ALWAYS_SEARCH_USER_PATHS = NO;
				CLANG_CXX_LANGUAGE_STANDARD = "gnu++0x";
				CLANG_CXX_LIBRARY = "libc++";
				CLANG_ENABLE_MODULES = YES;
				CLANG_ENABLE_OBJC_ARC = YES;
				CLANG_WARN_BOOL_CONVERSION = YES;
				CLANG_WARN_CONSTANT_CONVERSION = YES;
				CLANG_WARN_DIRECT_OBJC_ISA_USAGE = YES_ERROR;
				CLANG_WARN_EMPTY_BODY = YES;
				CLANG_WARN_ENUM_CONVERSION = YES;
				CLANG_WARN_INT_CONVERSION = YES;
				CLANG_WARN_OBJC_ROOT_CLASS = YES_ERROR;
				CLANG_WARN_UNREACHABLE_CODE = YES;
				CLANG_WARN__DUPLICATE_METHOD_MATCH = YES;
				"CODE_SIGN_IDENTITY[sdk=iphoneos*]" = "iPhone Developer";
				COPY_PHASE_STRIP = NO;
				ENABLE_STRICT_OBJC_MSGSEND = YES;
				GCC_C_LANGUAGE_STANDARD = gnu99;
				GCC_DYNAMIC_NO_PIC = NO;
				GCC_OPTIMIZATION_LEVEL = 0;
				GCC_PREPROCESSOR_DEFINITIONS = (
					"DEBUG=1",
					"$(inherited)",
				);
				GCC_SYMBOLS_PRIVATE_EXTERN = NO;
				GCC_WARN_64_TO_32_BIT_CONVERSION = YES;
				GCC_WARN_ABOUT_RETURN_TYPE = YES_ERROR;
				GCC_WARN_UNDECLARED_SELECTOR = YES;
				GCC_WARN_UNINITIALIZED_AUTOS = YES_AGGRESSIVE;
				GCC_WARN_UNUSED_FUNCTION = YES;
				GCC_WARN_UNUSED_VARIABLE = YES;
				IPHONEOS_DEPLOYMENT_TARGET = 8.1;
				MTL_ENABLE_DEBUG_INFO = YES;
				ONLY_ACTIVE_ARCH = YES;
				SDKROOT = iphoneos;
			};
			name = Debug;
		};
		8CCBF94E1A48394500267494 /* Release */ = {
			isa = XCBuildConfiguration;
			buildSettings = {
				ALWAYS_SEARCH_USER_PATHS = NO;
				CLANG_CXX_LANGUAGE_STANDARD = "gnu++0x";
				CLANG_CXX_LIBRARY = "libc++";
				CLANG_ENABLE_MODULES = YES;
				CLANG_ENABLE_OBJC_ARC = YES;
				CLANG_WARN_BOOL_CONVERSION = YES;
				CLANG_WARN_CONSTANT_CONVERSION = YES;
				CLANG_WARN_DIRECT_OBJC_ISA_USAGE = YES_ERROR;
				CLANG_WARN_EMPTY_BODY = YES;
				CLANG_WARN_ENUM_CONVERSION = YES;
				CLANG_WARN_INT_CONVERSION = YES;
				CLANG_WARN_OBJC_ROOT_CLASS = YES_ERROR;
				CLANG_WARN_UNREACHABLE_CODE = YES;
				CLANG_WARN__DUPLICATE_METHOD_MATCH = YES;
				"CODE_SIGN_IDENTITY[sdk=iphoneos*]" = "iPhone Developer";
				COPY_PHASE_STRIP = YES;
				ENABLE_NS_ASSERTIONS = NO;
				ENABLE_STRICT_OBJC_MSGSEND = YES;
				GCC_C_LANGUAGE_STANDARD = gnu99;
				GCC_WARN_64_TO_32_BIT_CONVERSION = YES;
				GCC_WARN_ABOUT_RETURN_TYPE = YES_ERROR;
				GCC_WARN_UNDECLARED_SELECTOR = YES;
				GCC_WARN_UNINITIALIZED_AUTOS = YES_AGGRESSIVE;
				GCC_WARN_UNUSED_FUNCTION = YES;
				GCC_WARN_UNUSED_VARIABLE = YES;
				IPHONEOS_DEPLOYMENT_TARGET = 8.1;
				MTL_ENABLE_DEBUG_INFO = NO;
				SDKROOT = iphoneos;
				VALIDATE_PRODUCT = YES;
			};
			name = Release;
		};
		8CCBF9501A48394500267494 /* Debug */ = {
			isa = XCBuildConfiguration;
			buildSettings = {
				ASSETCATALOG_COMPILER_APPICON_NAME = AppIcon;
				ASSETCATALOG_COMPILER_LAUNCHIMAGE_NAME = LaunchImage;
				INFOPLIST_FILE = Alumni/Info.plist;
				IPHONEOS_DEPLOYMENT_TARGET = 6.0;
				LD_RUNPATH_SEARCH_PATHS = "$(inherited) @executable_path/Frameworks";
				PRODUCT_NAME = "$(TARGET_NAME)";
				TARGETED_DEVICE_FAMILY = 1;
			};
			name = Debug;
		};
		8CCBF9511A48394500267494 /* Release */ = {
			isa = XCBuildConfiguration;
			buildSettings = {
				ASSETCATALOG_COMPILER_APPICON_NAME = AppIcon;
				ASSETCATALOG_COMPILER_LAUNCHIMAGE_NAME = LaunchImage;
				INFOPLIST_FILE = Alumni/Info.plist;
				IPHONEOS_DEPLOYMENT_TARGET = 6.0;
				LD_RUNPATH_SEARCH_PATHS = "$(inherited) @executable_path/Frameworks";
				PRODUCT_NAME = "$(TARGET_NAME)";
				TARGETED_DEVICE_FAMILY = 1;
			};
			name = Release;
		};
		8CCBF9531A48394500267494 /* Debug */ = {
			isa = XCBuildConfiguration;
			buildSettings = {
				BUNDLE_LOADER = "$(TEST_HOST)";
				FRAMEWORK_SEARCH_PATHS = (
					"$(SDKROOT)/Developer/Library/Frameworks",
					"$(inherited)",
				);
				GCC_PREPROCESSOR_DEFINITIONS = (
					"DEBUG=1",
					"$(inherited)",
				);
				INFOPLIST_FILE = AlumniTests/Info.plist;
				LD_RUNPATH_SEARCH_PATHS = "$(inherited) @executable_path/Frameworks @loader_path/Frameworks";
				PRODUCT_NAME = "$(TARGET_NAME)";
				TEST_HOST = "$(BUILT_PRODUCTS_DIR)/Alumni.app/Alumni";
			};
			name = Debug;
		};
		8CCBF9541A48394500267494 /* Release */ = {
			isa = XCBuildConfiguration;
			buildSettings = {
				BUNDLE_LOADER = "$(TEST_HOST)";
				FRAMEWORK_SEARCH_PATHS = (
					"$(SDKROOT)/Developer/Library/Frameworks",
					"$(inherited)",
				);
				INFOPLIST_FILE = AlumniTests/Info.plist;
				LD_RUNPATH_SEARCH_PATHS = "$(inherited) @executable_path/Frameworks @loader_path/Frameworks";
				PRODUCT_NAME = "$(TARGET_NAME)";
				TEST_HOST = "$(BUILT_PRODUCTS_DIR)/Alumni.app/Alumni";
			};
			name = Release;
		};
/* End XCBuildConfiguration section */

/* Begin XCConfigurationList section */
		8CCBF9271A48394500267494 /* Build configuration list for PBXProject "Alumni" */ = {
			isa = XCConfigurationList;
			buildConfigurations = (
				8CCBF94D1A48394500267494 /* Debug */,
				8CCBF94E1A48394500267494 /* Release */,
			);
			defaultConfigurationIsVisible = 0;
			defaultConfigurationName = Release;
		};
		8CCBF94F1A48394500267494 /* Build configuration list for PBXNativeTarget "Alumni" */ = {
			isa = XCConfigurationList;
			buildConfigurations = (
				8CCBF9501A48394500267494 /* Debug */,
				8CCBF9511A48394500267494 /* Release */,
			);
			defaultConfigurationIsVisible = 0;
			defaultConfigurationName = Release;
		};
		8CCBF9521A48394500267494 /* Build configuration list for PBXNativeTarget "AlumniTests" */ = {
			isa = XCConfigurationList;
			buildConfigurations = (
				8CCBF9531A48394500267494 /* Debug */,
				8CCBF9541A48394500267494 /* Release */,
			);
			defaultConfigurationIsVisible = 0;
			defaultConfigurationName = Release;
		};
/* End XCConfigurationList section */
	};
	rootObject = 8CCBF9241A48394500267494 /* Project object */;
}
