// !$*UTF8*$!
{
	archiveVersion = 1;
	classes = {
	};
	objectVersion = 46;
	objects = {

/* Begin PBXBuildFile section */
		8CCBF9321A48394500267494 /* main.m in Sources */ = {isa = PBXBuildFile; fileRef = 8CCBF9311A48394500267494 /* main.m */; };
		8CCBF9351A48394500267494 /* AppDelegate.m in Sources */ = {isa = PBXBuildFile; fileRef = 8CCBF9341A48394500267494 /* AppDelegate.m */; };
		8CCBF9381A48394500267494 /* ViewController.m in Sources */ = {isa = PBXBuildFile; fileRef = 8CCBF9371A48394500267494 /* ViewController.m */; };
		8CCBF93B1A48394500267494 /* Main.storyboard in Resources */ = {isa = PBXBuildFile; fileRef = 8CCBF9391A48394500267494 /* Main.storyboard */; };
		8CCBF93D1A48394500267494 /* Images.xcassets in Resources */ = {isa = PBXBuildFile; fileRef = 8CCBF93C1A48394500267494 /* Images.xcassets */; };
		8CCBF9401A48394500267494 /* LaunchScreen.xib in Resources */ = {isa = PBXBuildFile; fileRef = 8CCBF93E1A48394500267494 /* LaunchScreen.xib */; };
		8CCBF94C1A48394500267494 /* AlumniTests.m in Sources */ = {isa = PBXBuildFile; fileRef = 8CCBF94B1A48394500267494 /* AlumniTests.m */; };
/* End PBXBuildFile section */

/* Begin PBXContainerItemProxy section */
		8CCBF9461A48394500267494 /* PBXContainerItemProxy */ = {
			isa = PBXContainerItemProxy;
			containerPortal = 8CCBF9241A48394500267494 /* Project object */;
			proxyType = 1;
			remoteGlobalIDString = 8CCBF92B1A48394500267494;
			remoteInfo = Alumni;
		};
/* End PBXContainerItemProxy section */

/* Begin PBXFileReference section */
		8CCBF92C1A48394500267494 /* Alumni.app */ = {isa = PBXFileReference; explicitFileType = wrapper.application; includeInIndex = 0; path = Alumni.app; sourceTree = BUILT_PRODUCTS_DIR; };
		8CCBF9301A48394500267494 /* Info.plist */ = {isa = PBXFileReference; lastKnownFileType = text.plist.xml; path = Info.plist; sourceTree = "<group>"; };
		8CCBF9311A48394500267494 /* main.m */ = {isa = PBXFileReference; lastKnownFileType = sourcecode.c.objc; path = main.m; sourceTree = "<group>"; };
		8CCBF9331A48394500267494 /* AppDelegate.h */ = {isa = PBXFileReference; lastKnownFileType = sourcecode.c.h; path = AppDelegate.h; sourceTree = "<group>"; };
		8CCBF9341A48394500267494 /* AppDelegate.m */ = {isa = PBXFileReference; lastKnownFileType = sourcecode.c.objc; path = AppDelegate.m; sourceTree = "<group>"; };
		8CCBF9361A48394500267494 /* ViewController.h */ = {isa = PBXFileReference; lastKnownFileType = sourcecode.c.h; path = ViewController.h; sourceTree = "<group>"; };
		8CCBF9371A48394500267494 /* ViewController.m */ = {isa = PBXFileReference; lastKnownFileType = sourcecode.c.objc; path = ViewController.m; sourceTree = "<group>"; };
		8CCBF93A1A48394500267494 /* Base */ = {isa = PBXFileReference; lastKnownFileType = file.storyboard; name = Base; path = Base.lproj/Main.storyboard; sourceTree = "<group>"; };
		8CCBF93C1A48394500267494 /* Images.xcassets */ = {isa = PBXFileReference; lastKnownFileType = folder.assetcatalog; path = Images.xcassets; sourceTree = "<group>"; };
		8CCBF93F1A48394500267494 /* Base */ = {isa = PBXFileReference; lastKnownFileType = file.xib; name = Base; path = Base.lproj/LaunchScreen.xib; sourceTree = "<group>"; };
		8CCBF9451A48394500267494 /* AlumniTests.xctest */ = {isa = PBXFileReference; explicitFileType = wrapper.cfbundle; includeInIndex = 0; path = AlumniTests.xctest; sourceTree = BUILT_PRODUCTS_DIR; };
		8CCBF94A1A48394500267494 /* Info.plist */ = {isa = PBXFileReference; lastKnownFileType = text.plist.xml; path = Info.plist; sourceTree = "<group>"; };
		8CCBF94B1A48394500267494 /* AlumniTests.m */ = {isa = PBXFileReference; lastKnownFileType = sourcecode.c.objc; path = AlumniTests.m; sourceTree = "<group>"; };
/* End PBXFileReference section */

/* Begin PBXFrameworksBuildPhase section */
		8CCBF9291A48394500267494 /* Frameworks */ = {
			isa = PBXFrameworksBuildPhase;
			buildActionMask = 2147483647;
			files = (
			);
			runOnlyForDeploymentPostprocessing = 0;
		};
		8CCBF9421A48394500267494 /* Frameworks */ = {
			isa = PBXFrameworksBuildPhase;
			buildActionMask = 2147483647;
			files = (
			);
			runOnlyForDeploymentPostprocessing = 0;
		};
/* End PBXFrameworksBuildPhase section */

/* Begin PBXGroup section */
		8CCBF9231A48394500267494 = {
			isa = PBXGroup;
			children = (
				8CCBF92E1A48394500267494 /* Alumni */,
				8CCBF9481A48394500267494 /* AlumniTests */,
				8CCBF92D1A48394500267494 /* Products */,
			);
			sourceTree = "<group>";
		};
		8CCBF92D1A48394500267494 /* Products */ = {
			isa = PBXGroup;
			children = (
				8CCBF92C1A48394500267494 /* Alumni.app */,
				8CCBF9451A48394500267494 /* AlumniTests.xctest */,
			);
			name = Products;
			sourceTree = "<group>";
		};
		8CCBF92E1A48394500267494 /* Alumni */ = {
			isa = PBXGroup;
			children = (
				8CCBF9331A48394500267494 /* AppDelegate.h */,
				8CCBF9341A48394500267494 /* AppDelegate.m */,
				8CCBF9361A48394500267494 /* ViewController.h */,
				8CCBF9371A48394500267494 /* ViewController.m */,
				8CCBF9391A48394500267494 /* Main.storyboard */,
				8CCBF93C1A48394500267494 /* Images.xcassets */,
				8CCBF93E1A48394500267494 /* LaunchScreen.xib */,
				8CCBF92F1A48394500267494 /* Supporting Files */,
			);
			path = Alumni;
			sourceTree = "<group>";
		};
		8CCBF92F1A48394500267494 /* Supporting Files */ = {
			isa = PBXGroup;
			children = (
				8CCBF9301A48394500267494 /* Info.plist */,
				8CCBF9311A48394500267494 /* main.m */,
			);
			name = "Supporting Files";
			sourceTree = "<group>";
		};
		8CCBF9481A48394500267494 /* AlumniTests */ = {
			isa = PBXGroup;
			children = (
				8CCBF94B1A48394500267494 /* AlumniTests.m */,
				8CCBF9491A48394500267494 /* Supporting Files */,
			);
			path = AlumniTests;
			sourceTree = "<group>";
		};
		8CCBF9491A48394500267494 /* Supporting Files */ = {
			isa = PBXGroup;
			children = (
				8CCBF94A1A48394500267494 /* Info.plist */,
			);
			name = "Supporting Files";
			sourceTree = "<group>";
		};
/* End PBXGroup section */

/* Begin PBXNativeTarget section */
		8CCBF92B1A48394500267494 /* Alumni */ = {
			isa = PBXNativeTarget;
			buildConfigurationList = 8CCBF94F1A48394500267494 /* Build configuration list for PBXNativeTarget "Alumni" */;
			buildPhases = (
				8CCBF9281A48394500267494 /* Sources */,
				8CCBF9291A48394500267494 /* Frameworks */,
				8CCBF92A1A48394500267494 /* Resources */,
			);
			buildRules = (
			);
			dependencies = (
			);
			name = Alumni;
			productName = Alumni;
			productReference = 8CCBF92C1A48394500267494 /* Alumni.app */;
			productType = "com.apple.product-type.application";
		};
		8CCBF9441A48394500267494 /* AlumniTests */ = {
			isa = PBXNativeTarget;
			buildConfigurationList = 8CCBF9521A48394500267494 /* Build configuration list for PBXNativeTarget "AlumniTests" */;
			buildPhases = (
				8CCBF9411A48394500267494 /* Sources */,
				8CCBF9421A48394500267494 /* Frameworks */,
				8CCBF9431A48394500267494 /* Resources */,
			);
			buildRules = (
			);
			dependencies = (
				8CCBF9471A48394500267494 /* PBXTargetDependency */,
			);
			name = AlumniTests;
			productName = AlumniTests;
			productReference = 8CCBF9451A48394500267494 /* AlumniTests.xctest */;
			productType = "com.apple.product-type.bundle.unit-test";
		};
/* End PBXNativeTarget section */

/* Begin PBXProject section */
		8CCBF9241A48394500267494 /* Project object */ = {
			isa = PBXProject;
			attributes = {
				LastUpgradeCheck = 0610;
				ORGANIZATIONNAME = thunder;
				TargetAttributes = {
					8CCBF92B1A48394500267494 = {
						CreatedOnToolsVersion = 6.1;
					};
					8CCBF9441A48394500267494 = {
						CreatedOnToolsVersion = 6.1;
						TestTargetID = 8CCBF92B1A48394500267494;
					};
				};
			};
			buildConfigurationList = 8CCBF9271A48394500267494 /* Build configuration list for PBXProject "Alumni" */;
			compatibilityVersion = "Xcode 3.2";
			developmentRegion = English;
			hasScannedForEncodings = 0;
			knownRegions = (
				en,
				Base,
			);
			mainGroup = 8CCBF9231A48394500267494;
			productRefGroup = 8CCBF92D1A48394500267494 /* Products */;
			projectDirPath = "";
			projectRoot = "";
			targets = (
				8CCBF92B1A48394500267494 /* Alumni */,
				8CCBF9441A48394500267494 /* AlumniTests */,
			);
		};
/* End PBXProject section */

/* Begin PBXResourcesBuildPhase section */
		8CCBF92A1A48394500267494 /* Resources */ = {
			isa = PBXResourcesBuildPhase;
			buildActionMask = 2147483647;
			files = (
				8CCBF93B1A48394500267494 /* Main.storyboard in Resources */,
				8CCBF9401A48394500267494 /* LaunchScreen.xib in Resources */,
				8CCBF93D1A48394500267494 /* Images.xcassets in Resources */,
			);
			runOnlyForDeploymentPostprocessing = 0;
		};
		8CCBF9431A48394500267494 /* Resources */ = {
			isa = PBXResourcesBuildPhase;
			buildActionMask = 2147483647;
			files = (
			);
			runOnlyForDeploymentPostprocessing = 0;
		};
/* End PBXResourcesBuildPhase section */

/* Begin PBXSourcesBuildPhase section */
		8CCBF9281A48394500267494 /* Sources */ = {
			isa = PBXSourcesBuildPhase;
			buildActionMask = 2147483647;
			files = (
				8CCBF9381A48394500267494 /* ViewController.m in Sources */,
				8CCBF9351A48394500267494 /* AppDelegate.m in Sources */,
				8CCBF9321A48394500267494 /* main.m in Sources */,
			);
			runOnlyForDeploymentPostprocessing = 0;
		};
		8CCBF9411A48394500267494 /* Sources */ = {
			isa = PBXSourcesBuildPhase;
			buildActionMask = 2147483647;
			files = (
				8CCBF94C1A48394500267494 /* AlumniTests.m in Sources */,
			);
			runOnlyForDeploymentPostprocessing = 0;
		};
/* End PBXSourcesBuildPhase section */

/* Begin PBXTargetDependency section */
		8CCBF9471A48394500267494 /* PBXTargetDependency */ = {
			isa = PBXTargetDependency;
			target = 8CCBF92B1A48394500267494 /* Alumni */;
			targetProxy = 8CCBF9461A48394500267494 /* PBXContainerItemProxy */;
		};
/* End PBXTargetDependency section */

/* Begin PBXVariantGroup section */
		8CCBF9391A48394500267494 /* Main.storyboard */ = {
			isa = PBXVariantGroup;
			children = (
				8CCBF93A1A48394500267494 /* Base */,
			);
			name = Main.storyboard;
			sourceTree = "<group>";
		};
		8CCBF93E1A48394500267494 /* LaunchScreen.xib */ = {
			isa = PBXVariantGroup;
			children = (
				8CCBF93F1A48394500267494 /* Base */,
			);
			name = LaunchScreen.xib;
			sourceTree = "<group>";
		};
/* End PBXVariantGroup section */

/* Begin XCBuildConfiguration section */
		8CCBF94D1A48394500267494 /* Debug */ = {
			isa = XCBuildConfiguration;
			buildSettings = {
				ALWAYS_SEARCH_USER_PATHS = NO;
				CLANG_CXX_LANGUAGE_STANDARD = "gnu++0x";
				CLANG_CXX_LIBRARY = "libc++";
				CLANG_ENABLE_MODULES = YES;
				CLANG_ENABLE_OBJC_ARC = YES;
				CLANG_WARN_BOOL_CONVERSION = YES;
				CLANG_WARN_CONSTANT_CONVERSION = YES;
				CLANG_WARN_DIRECT_OBJC_ISA_USAGE = YES_ERROR;
				CLANG_WARN_EMPTY_BODY = YES;
				CLANG_WARN_ENUM_CONVERSION = YES;
				CLANG_WARN_INT_CONVERSION = YES;
				CLANG_WARN_OBJC_ROOT_CLASS = YES_ERROR;
				CLANG_WARN_UNREACHABLE_CODE = YES;
				CLANG_WARN__DUPLICATE_METHOD_MATCH = YES;
				"CODE_SIGN_IDENTITY[sdk=iphoneos*]" = "iPhone Developer";
				COPY_PHASE_STRIP = NO;
				ENABLE_STRICT_OBJC_MSGSEND = YES;
				GCC_C_LANGUAGE_STANDARD = gnu99;
				GCC_DYNAMIC_NO_PIC = NO;
				GCC_OPTIMIZATION_LEVEL = 0;
				GCC_PREPROCESSOR_DEFINITIONS = (
					"DEBUG=1",
					"$(inherited)",
				);
				GCC_SYMBOLS_PRIVATE_EXTERN = NO;
				GCC_WARN_64_TO_32_BIT_CONVERSION = YES;
				GCC_WARN_ABOUT_RETURN_TYPE = YES_ERROR;
				GCC_WARN_UNDECLARED_SELECTOR = YES;
				GCC_WARN_UNINITIALIZED_AUTOS = YES_AGGRESSIVE;
				GCC_WARN_UNUSED_FUNCTION = YES;
				GCC_WARN_UNUSED_VARIABLE = YES;
				IPHONEOS_DEPLOYMENT_TARGET = 8.1;
				MTL_ENABLE_DEBUG_INFO = YES;
				ONLY_ACTIVE_ARCH = YES;
				SDKROOT = iphoneos;
			};
			name = Debug;
		};
		8CCBF94E1A48394500267494 /* Release */ = {
			isa = XCBuildConfiguration;
			buildSettings = {
				ALWAYS_SEARCH_USER_PATHS = NO;
				CLANG_CXX_LANGUAGE_STANDARD = "gnu++0x";
				CLANG_CXX_LIBRARY = "libc++";
				CLANG_ENABLE_MODULES = YES;
				CLANG_ENABLE_OBJC_ARC = YES;
				CLANG_WARN_BOOL_CONVERSION = YES;
				CLANG_WARN_CONSTANT_CONVERSION = YES;
				CLANG_WARN_DIRECT_OBJC_ISA_USAGE = YES_ERROR;
				CLANG_WARN_EMPTY_BODY = YES;
				CLANG_WARN_ENUM_CONVERSION = YES;
				CLANG_WARN_INT_CONVERSION = YES;
				CLANG_WARN_OBJC_ROOT_CLASS = YES_ERROR;
				CLANG_WARN_UNREACHABLE_CODE = YES;
				CLANG_WARN__DUPLICATE_METHOD_MATCH = YES;
				"CODE_SIGN_IDENTITY[sdk=iphoneos*]" = "iPhone Developer";
				COPY_PHASE_STRIP = YES;
				ENABLE_NS_ASSERTIONS = NO;
				ENABLE_STRICT_OBJC_MSGSEND = YES;
				GCC_C_LANGUAGE_STANDARD = gnu99;
				GCC_WARN_64_TO_32_BIT_CONVERSION = YES;
				GCC_WARN_ABOUT_RETURN_TYPE = YES_ERROR;
				GCC_WARN_UNDECLARED_SELECTOR = YES;
				GCC_WARN_UNINITIALIZED_AUTOS = YES_AGGRESSIVE;
				GCC_WARN_UNUSED_FUNCTION = YES;
				GCC_WARN_UNUSED_VARIABLE = YES;
				IPHONEOS_DEPLOYMENT_TARGET = 8.1;
				MTL_ENABLE_DEBUG_INFO = NO;
				SDKROOT = iphoneos;
				VALIDATE_PRODUCT = YES;
			};
			name = Release;
		};
		8CCBF9501A48394500267494 /* Debug */ = {
			isa = XCBuildConfiguration;
			buildSettings = {
				ASSETCATALOG_COMPILER_APPICON_NAME = AppIcon;
				INFOPLIST_FILE = Alumni/Info.plist;
				IPHONEOS_DEPLOYMENT_TARGET = 6.0;
				LD_RUNPATH_SEARCH_PATHS = "$(inherited) @executable_path/Frameworks";
				PRODUCT_NAME = "$(TARGET_NAME)";
			};
			name = Debug;
		};
		8CCBF9511A48394500267494 /* Release */ = {
			isa = XCBuildConfiguration;
			buildSettings = {
				ASSETCATALOG_COMPILER_APPICON_NAME = AppIcon;
				INFOPLIST_FILE = Alumni/Info.plist;
				IPHONEOS_DEPLOYMENT_TARGET = 6.0;
				LD_RUNPATH_SEARCH_PATHS = "$(inherited) @executable_path/Frameworks";
				PRODUCT_NAME = "$(TARGET_NAME)";
			};
			name = Release;
		};
		8CCBF9531A48394500267494 /* Debug */ = {
			isa = XCBuildConfiguration;
			buildSettings = {
				BUNDLE_LOADER = "$(TEST_HOST)";
				FRAMEWORK_SEARCH_PATHS = (
					"$(SDKROOT)/Developer/Library/Frameworks",
					"$(inherited)",
				);
				GCC_PREPROCESSOR_DEFINITIONS = (
					"DEBUG=1",
					"$(inherited)",
				);
				INFOPLIST_FILE = AlumniTests/Info.plist;
				LD_RUNPATH_SEARCH_PATHS = "$(inherited) @executable_path/Frameworks @loader_path/Frameworks";
				PRODUCT_NAME = "$(TARGET_NAME)";
				TEST_HOST = "$(BUILT_PRODUCTS_DIR)/Alumni.app/Alumni";
			};
			name = Debug;
		};
		8CCBF9541A48394500267494 /* Release */ = {
			isa = XCBuildConfiguration;
			buildSettings = {
				BUNDLE_LOADER = "$(TEST_HOST)";
				FRAMEWORK_SEARCH_PATHS = (
					"$(SDKROOT)/Developer/Library/Frameworks",
					"$(inherited)",
				);
				INFOPLIST_FILE = AlumniTests/Info.plist;
				LD_RUNPATH_SEARCH_PATHS = "$(inherited) @executable_path/Frameworks @loader_path/Frameworks";
				PRODUCT_NAME = "$(TARGET_NAME)";
				TEST_HOST = "$(BUILT_PRODUCTS_DIR)/Alumni.app/Alumni";
			};
			name = Release;
		};
/* End XCBuildConfiguration section */

/* Begin XCConfigurationList section */
		8CCBF9271A48394500267494 /* Build configuration list for PBXProject "Alumni" */ = {
			isa = XCConfigurationList;
			buildConfigurations = (
				8CCBF94D1A48394500267494 /* Debug */,
				8CCBF94E1A48394500267494 /* Release */,
			);
			defaultConfigurationIsVisible = 0;
			defaultConfigurationName = Release;
		};
		8CCBF94F1A48394500267494 /* Build configuration list for PBXNativeTarget "Alumni" */ = {
			isa = XCConfigurationList;
			buildConfigurations = (
				8CCBF9501A48394500267494 /* Debug */,
				8CCBF9511A48394500267494 /* Release */,
			);
			defaultConfigurationIsVisible = 0;
		};
		8CCBF9521A48394500267494 /* Build configuration list for PBXNativeTarget "AlumniTests" */ = {
			isa = XCConfigurationList;
			buildConfigurations = (
				8CCBF9531A48394500267494 /* Debug */,
				8CCBF9541A48394500267494 /* Release */,
			);
			defaultConfigurationIsVisible = 0;
		};
/* End XCConfigurationList section */
	};
	rootObject = 8CCBF9241A48394500267494 /* Project object */;
}
